
Microsoft Visual Studio Solution File, Format Version 12.00
# Visual Studio Version 17
VisualStudioVersion = 17.5.33516.290
MinimumVisualStudioVersion = 10.0.40219.1
Project("{FAE04EC0-301F-11D3-BF4B-00C04F79EFBC}") = "ex2", "ex2\ex2.csproj", "{697235F9-6619-4097-B6B3-502A98F9081C}"
EndProject
Global
	GlobalSection(SolutionConfigurationPlatforms) = preSolution
		Debug|Any CPU = Debug|Any CPU
		Release|Any CPU = Release|Any CPU
	EndGlobalSection
	GlobalSection(ProjectConfigurationPlatforms) = postSolution
		{697235F9-6619-4097-B6B3-502A98F9081C}.Debug|Any CPU.ActiveCfg = Debug|Any CPU
		{697235F9-6619-4097-B6B3-502A98F9081C}.Debug|Any CPU.Build.0 = Debug|Any CPU
		{697235F9-6619-4097-B6B3-502A98F9081C}.Release|Any CPU.ActiveCfg = Release|Any CPU
		{697235F9-6619-4097-B6B3-502A98F9081C}.Release|Any CPU.Build.0 = Release|Any CPU
	EndGlobalSection
	GlobalSection(SolutionProperties) = preSolution
		HideSolutionNode = FALSE
	EndGlobalSection
	GlobalSection(ExtensibilityGlobals) = postSolution
		SolutionGuid = {DF21E0BE-E8AA-4A28-BF09-DED6F3C45F34}
	EndGlobalSection
EndGlobal
